
Microsoft Visual Studio Solution File, Format Version 12.00
# Visual Studio 2012
Project("{FAE04EC0-301F-11D3-BF4B-00C04F79EFBC}") = "DataTablesParser", "DataTablesParser.csproj", "{5456F8EA-3388-4A75-92C0-2E0F238FD88C}"
EndProject
Project("{FAE04EC0-301F-11D3-BF4B-00C04F79EFBC}") = "DataTablesParser.Tests", "..\DatatablesParser.Tests\DataTablesParser.Tests.csproj", "{E14171E3-D7B0-4882-90B4-B34A04916AFA}"
EndProject
Project("{FAE04EC0-301F-11D3-BF4B-00C04F79EFBC}") = "DataTablesParser.WebSample", "DataTablesParser.WebSample\DataTablesParser.WebSample.csproj", "{90BBA1C6-8D82-49CB-B805-6096565400EC}"
EndProject
Global
	GlobalSection(SolutionConfigurationPlatforms) = preSolution
		Debug|Any CPU = Debug|Any CPU
		Release|Any CPU = Release|Any CPU
	EndGlobalSection
	GlobalSection(ProjectConfigurationPlatforms) = postSolution
		{5456F8EA-3388-4A75-92C0-2E0F238FD88C}.Debug|Any CPU.ActiveCfg = Debug|Any CPU
		{5456F8EA-3388-4A75-92C0-2E0F238FD88C}.Debug|Any CPU.Build.0 = Debug|Any CPU
		{5456F8EA-3388-4A75-92C0-2E0F238FD88C}.Release|Any CPU.ActiveCfg = Release|Any CPU
		{5456F8EA-3388-4A75-92C0-2E0F238FD88C}.Release|Any CPU.Build.0 = Release|Any CPU
		{E14171E3-D7B0-4882-90B4-B34A04916AFA}.Debug|Any CPU.ActiveCfg = Debug|Any CPU
		{E14171E3-D7B0-4882-90B4-B34A04916AFA}.Debug|Any CPU.Build.0 = Debug|Any CPU
		{E14171E3-D7B0-4882-90B4-B34A04916AFA}.Release|Any CPU.ActiveCfg = Release|Any CPU
		{E14171E3-D7B0-4882-90B4-B34A04916AFA}.Release|Any CPU.Build.0 = Release|Any CPU
		{90BBA1C6-8D82-49CB-B805-6096565400EC}.Debug|Any CPU.ActiveCfg = Debug|Any CPU
		{90BBA1C6-8D82-49CB-B805-6096565400EC}.Debug|Any CPU.Build.0 = Debug|Any CPU
		{90BBA1C6-8D82-49CB-B805-6096565400EC}.Release|Any CPU.ActiveCfg = Release|Any CPU
		{90BBA1C6-8D82-49CB-B805-6096565400EC}.Release|Any CPU.Build.0 = Release|Any CPU
	EndGlobalSection
	GlobalSection(SolutionProperties) = preSolution
		HideSolutionNode = FALSE
	EndGlobalSection
EndGlobal
